{
  "lockfileVersion": 1,
  "workspaces": {
    "": {
      "name": "rivon-market-seeder",
      "dependencies": {
        "bcryptjs": "^2.4.3",
        "postgres": "^3.4.5",
      },
    },
  },
  "packages": {
    "bcryptjs": ["bcryptjs@2.4.3", "", {}, "sha512-V/Hy/X9Vt7f3BbPJEi8BdVFMByHi+jNXrYkW3huaybV/kQ0KJg0Y6PkEMbn+zeT+i+SiKZ/HMqJGIIt4LZDqNQ=="],

    "postgres": ["postgres@3.4.9", "", {}, "sha512-GD3qdB0x1z9xgFI6cdRD6xu2Sp2WCOEoe3mtnyB5Ee0XrrL5Pe+e4CCnJrRMnL1zYtRDZmQQVbvOttLnKDLnaw=="],
  }
}
